
Microsoft Visual Studio Solution File, Format Version 12.00
Project("{FAE04EC0-301F-11D3-BF4B-00C04F79EFBC}") = "Application", "src\Application\Application.csproj", "{765508B3-12E6-4CFB-97BF-271BF7E4EFCC}"
EndProject
Project("{FAE04EC0-301F-11D3-BF4B-00C04F79EFBC}") = "Domain", "src\Domain\Domain.csproj", "{8DE351BF-84F2-47FC-B764-69904D8D2211}"
EndProject
Project("{FAE04EC0-301F-11D3-BF4B-00C04F79EFBC}") = "Infrastructure", "src\Infrastructure\Infrastructure.csproj", "{75DC9F6D-B23E-4CAD-BB10-134ACFB06F74}"
EndProject
Project("{FAE04EC0-301F-11D3-BF4B-00C04F79EFBC}") = "Web", "src\Web\Web.csproj", "{9E14CD85-7A6A-4A1A-9137-4B23FE40B5B9}"
EndProject
Project("{FAE04EC0-301F-11D3-BF4B-00C04F79EFBC}") = "Application.FunctionalTests", "tests\Application.FunctionalTests\Application.FunctionalTests.csproj", "{52CC38C5-C5E7-4D7F-BA4C-EA5E901EEC1E}"
EndProject
Project("{FAE04EC0-301F-11D3-BF4B-00C04F79EFBC}") = "Application.UnitTests", "tests\Application.UnitTests\Application.UnitTests.csproj", "{956BF1F1-3833-41A5-99F5-E6A15C6CFB2D}"
EndProject
Project("{FAE04EC0-301F-11D3-BF4B-00C04F79EFBC}") = "Domain.UnitTests", "tests\Domain.UnitTests\Domain.UnitTests.csproj", "{1D1B5A28-B0EF-4418-8829-B5EE7618B352}"
EndProject
Project("{FAE04EC0-301F-11D3-BF4B-00C04F79EFBC}") = "Infrastructure.IntegrationTests", "tests\Infrastructure.IntegrationTests\Infrastructure.IntegrationTests.csproj", "{5C7077D5-8FAD-4F19-A393-840E4945DF2A}"
EndProject
Project("{FAE04EC0-301F-11D3-BF4B-00C04F79EFBC}") = "Web.AcceptanceTests", "tests\Web.AcceptanceTests\Web.AcceptanceTests.csproj", "{47683876-895D-4170-8DC1-23581DCF76A3}"
EndProject

Project("{2150E333-8FDC-42A3-9474-1A3956D46DE8}") = "Solution Items", "Solution Items", "{E2DA20AA-28D1-455C-BF50-C49A8F831633}"
	ProjectSection(SolutionItems) = preProject
		.editorconfig = .editorconfig
		.gitignore = .gitignore
		Directory.Build.props = Directory.Build.props
		Directory.Packages.props = Directory.Packages.props
		global.json = global.json
		README.md = README.md
		docker-compose.yml = docker-compose.yml
	EndProjectSection
EndProject
Project("{2150E333-8FDC-42A3-9474-1A3956D46DE8}") = "src", "src", "{6ED356A7-8B47-4613-AD01-C85CF28491BD}"
EndProject
Project("{2150E333-8FDC-42A3-9474-1A3956D46DE8}") = "tests", "tests", "{664D406C-2F83-48F0-BFC3-408D5CB53C65}"
EndProject

Global
	GlobalSection(SolutionConfigurationPlatforms) = preSolution
		Debug|Any CPU = Debug|Any CPU
		Release|Any CPU = Release|Any CPU
	EndGlobalSection
	GlobalSection(NestedProjects) = preSolution
        {765508B3-12E6-4CFB-97BF-271BF7E4EFCC} = {6ED356A7-8B47-4613-AD01-C85CF28491BD}
        {8DE351BF-84F2-47FC-B764-69904D8D2211} = {6ED356A7-8B47-4613-AD01-C85CF28491BD}
        {75DC9F6D-B23E-4CAD-BB10-134ACFB06F74} = {6ED356A7-8B47-4613-AD01-C85CF28491BD}
        {9E14CD85-7A6A-4A1A-9137-4B23FE40B5B9} = {6ED356A7-8B47-4613-AD01-C85CF28491BD}
        
        {52CC38C5-C5E7-4D7F-BA4C-EA5E901EEC1E} = {664D406C-2F83-48F0-BFC3-408D5CB53C65}
        {956BF1F1-3833-41A5-99F5-E6A15C6CFB2D} = {664D406C-2F83-48F0-BFC3-408D5CB53C65}
        {1D1B5A28-B0EF-4418-8829-B5EE7618B352} = {664D406C-2F83-48F0-BFC3-408D5CB53C65}
        {5C7077D5-8FAD-4F19-A393-840E4945DF2A} = {664D406C-2F83-48F0-BFC3-408D5CB53C65}
        {47683876-895D-4170-8DC1-23581DCF76A3} = {664D406C-2F83-48F0-BFC3-408D5CB53C65}
    EndGlobalSection
	GlobalSection(ProjectConfigurationPlatforms) = postSolution
		{765508B3-12E6-4CFB-97BF-271BF7E4EFCC}.Debug|Any CPU.ActiveCfg = Debug|Any CPU
		{765508B3-12E6-4CFB-97BF-271BF7E4EFCC}.Debug|Any CPU.Build.0 = Debug|Any CPU
		{765508B3-12E6-4CFB-97BF-271BF7E4EFCC}.Release|Any CPU.ActiveCfg = Release|Any CPU
		{765508B3-12E6-4CFB-97BF-271BF7E4EFCC}.Release|Any CPU.Build.0 = Release|Any CPU
		{8DE351BF-84F2-47FC-B764-69904D8D2211}.Debug|Any CPU.ActiveCfg = Debug|Any CPU
		{8DE351BF-84F2-47FC-B764-69904D8D2211}.Debug|Any CPU.Build.0 = Debug|Any CPU
		{8DE351BF-84F2-47FC-B764-69904D8D2211}.Release|Any CPU.ActiveCfg = Release|Any CPU
		{8DE351BF-84F2-47FC-B764-69904D8D2211}.Release|Any CPU.Build.0 = Release|Any CPU
		{75DC9F6D-B23E-4CAD-BB10-134ACFB06F74}.Debug|Any CPU.ActiveCfg = Debug|Any CPU
		{75DC9F6D-B23E-4CAD-BB10-134ACFB06F74}.Debug|Any CPU.Build.0 = Debug|Any CPU
		{75DC9F6D-B23E-4CAD-BB10-134ACFB06F74}.Release|Any CPU.ActiveCfg = Release|Any CPU
		{75DC9F6D-B23E-4CAD-BB10-134ACFB06F74}.Release|Any CPU.Build.0 = Release|Any CPU
		{9E14CD85-7A6A-4A1A-9137-4B23FE40B5B9}.Debug|Any CPU.ActiveCfg = Debug|Any CPU
		{9E14CD85-7A6A-4A1A-9137-4B23FE40B5B9}.Debug|Any CPU.Build.0 = Debug|Any CPU
		{9E14CD85-7A6A-4A1A-9137-4B23FE40B5B9}.Release|Any CPU.ActiveCfg = Release|Any CPU
		{9E14CD85-7A6A-4A1A-9137-4B23FE40B5B9}.Release|Any CPU.Build.0 = Release|Any CPU
		{52CC38C5-C5E7-4D7F-BA4C-EA5E901EEC1E}.Debug|Any CPU.ActiveCfg = Debug|Any CPU
		{52CC38C5-C5E7-4D7F-BA4C-EA5E901EEC1E}.Debug|Any CPU.Build.0 = Debug|Any CPU
		{52CC38C5-C5E7-4D7F-BA4C-EA5E901EEC1E}.Release|Any CPU.ActiveCfg = Release|Any CPU
		{52CC38C5-C5E7-4D7F-BA4C-EA5E901EEC1E}.Release|Any CPU.Build.0 = Release|Any CPU
		{956BF1F1-3833-41A5-99F5-E6A15C6CFB2D}.Debug|Any CPU.ActiveCfg = Debug|Any CPU
		{956BF1F1-3833-41A5-99F5-E6A15C6CFB2D}.Debug|Any CPU.Build.0 = Debug|Any CPU
		{956BF1F1-3833-41A5-99F5-E6A15C6CFB2D}.Release|Any CPU.ActiveCfg = Release|Any CPU
		{956BF1F1-3833-41A5-99F5-E6A15C6CFB2D}.Release|Any CPU.Build.0 = Release|Any CPU
		{1D1B5A28-B0EF-4418-8829-B5EE7618B352}.Debug|Any CPU.ActiveCfg = Debug|Any CPU
		{1D1B5A28-B0EF-4418-8829-B5EE7618B352}.Debug|Any CPU.Build.0 = Debug|Any CPU
		{1D1B5A28-B0EF-4418-8829-B5EE7618B352}.Release|Any CPU.ActiveCfg = Release|Any CPU
		{1D1B5A28-B0EF-4418-8829-B5EE7618B352}.Release|Any CPU.Build.0 = Release|Any CPU
		{5C7077D5-8FAD-4F19-A393-840E4945DF2A}.Debug|Any CPU.ActiveCfg = Debug|Any CPU
		{5C7077D5-8FAD-4F19-A393-840E4945DF2A}.Debug|Any CPU.Build.0 = Debug|Any CPU
		{5C7077D5-8FAD-4F19-A393-840E4945DF2A}.Release|Any CPU.ActiveCfg = Release|Any CPU
		{5C7077D5-8FAD-4F19-A393-840E4945DF2A}.Release|Any CPU.Build.0 = Release|Any CPU
		{47683876-895D-4170-8DC1-23581DCF76A3}.Debug|Any CPU.ActiveCfg = Debug|Any CPU
		{47683876-895D-4170-8DC1-23581DCF76A3}.Debug|Any CPU.Build.0 = Debug|Any CPU
		{47683876-895D-4170-8DC1-23581DCF76A3}.Release|Any CPU.ActiveCfg = Release|Any CPU
		{47683876-895D-4170-8DC1-23581DCF76A3}.Release|Any CPU.Build.0 = Release|Any CPU
	EndGlobalSection
EndGlobal
